- method: set_random_seed
  seed: 42
- method: build_jh1_solution
  max_time_per_add: 10
  num_workers: 8
  error_if_infeasible: true
- method: repeat
  params:
    n_repeats: 999
    routine_data:
    - method: block_search
      rho: 0.2
      computational_time: 20
      num_workers: 8
      error_if_infeasible: true
